
Microsoft Visual Studio Solution File, Format Version 12.00
Project("{2150E333-8FDC-42A3-9474-1A3956D46DE8}") = "src", "src", "{71DF6EE5-131D-4D2C-ACE4-EA7C354843B6}"
EndProject
Project("{FAE04EC0-301F-11D3-BF4B-00C04F79EFBC}") = "Laundry.Domain", "src\Laundry.Domain\Laundry.Domain.csproj", "{56AAA7E7-9C16-4D16-9B4F-A94A4B181B5F}"
EndProject
Project("{FAE04EC0-301F-11D3-BF4B-00C04F79EFBC}") = "Laundry.DataAccess", "src\Laundry.DataAccess\Laundry.DataAccess.csproj", "{B45E55CB-26BF-4256-80BA-B9972BBBE1B2}"
EndProject
Project("{FAE04EC0-301F-11D3-BF4B-00C04F79EFBC}") = "Laundry.API", "src\Laundry.API\Laundry.API.csproj", "{49C85242-8ED8-4502-B95F-B2FF071631FF}"
EndProject
Global
	GlobalSection(SolutionConfigurationPlatforms) = preSolution
		Debug|Any CPU = Debug|Any CPU
		Release|Any CPU = Release|Any CPU
	EndGlobalSection
	GlobalSection(ProjectConfigurationPlatforms) = postSolution
		{56AAA7E7-9C16-4D16-9B4F-A94A4B181B5F}.Debug|Any CPU.ActiveCfg = Debug|Any CPU
		{56AAA7E7-9C16-4D16-9B4F-A94A4B181B5F}.Debug|Any CPU.Build.0 = Debug|Any CPU
		{56AAA7E7-9C16-4D16-9B4F-A94A4B181B5F}.Release|Any CPU.ActiveCfg = Release|Any CPU
		{56AAA7E7-9C16-4D16-9B4F-A94A4B181B5F}.Release|Any CPU.Build.0 = Release|Any CPU
		{B45E55CB-26BF-4256-80BA-B9972BBBE1B2}.Debug|Any CPU.ActiveCfg = Debug|Any CPU
		{B45E55CB-26BF-4256-80BA-B9972BBBE1B2}.Debug|Any CPU.Build.0 = Debug|Any CPU
		{B45E55CB-26BF-4256-80BA-B9972BBBE1B2}.Release|Any CPU.ActiveCfg = Release|Any CPU
		{B45E55CB-26BF-4256-80BA-B9972BBBE1B2}.Release|Any CPU.Build.0 = Release|Any CPU
		{49C85242-8ED8-4502-B95F-B2FF071631FF}.Debug|Any CPU.ActiveCfg = Debug|Any CPU
		{49C85242-8ED8-4502-B95F-B2FF071631FF}.Debug|Any CPU.Build.0 = Debug|Any CPU
		{49C85242-8ED8-4502-B95F-B2FF071631FF}.Release|Any CPU.ActiveCfg = Release|Any CPU
		{49C85242-8ED8-4502-B95F-B2FF071631FF}.Release|Any CPU.Build.0 = Release|Any CPU
	EndGlobalSection
	GlobalSection(NestedProjects) = preSolution
		{56AAA7E7-9C16-4D16-9B4F-A94A4B181B5F} = {71DF6EE5-131D-4D2C-ACE4-EA7C354843B6}
		{B45E55CB-26BF-4256-80BA-B9972BBBE1B2} = {71DF6EE5-131D-4D2C-ACE4-EA7C354843B6}
		{49C85242-8ED8-4502-B95F-B2FF071631FF} = {71DF6EE5-131D-4D2C-ACE4-EA7C354843B6}
	EndGlobalSection
EndGlobal
